
Microsoft Visual Studio Solution File, Format Version 12.00
# Visual Studio 2013
VisualStudioVersion = 12.0.30110.0
MinimumVisualStudioVersion = 10.0.40219.1
Project("{FAE04EC0-301F-11D3-BF4B-00C04F79EFBC}") = "Microsoft.Owin.Security.Jd", "Microsoft.Owin.Security.Jd\Microsoft.Owin.Security.Jd.csproj", "{36339FDF-53E0-43F7-9D6F-7DD49E1722A4}"
EndProject
Project("{2150E333-8FDC-42A3-9474-1A3956D46DE8}") = ".nuget", ".nuget", "{27E61211-9A7C-43A7-862E-61A73E94DEB5}"
	ProjectSection(SolutionItems) = preProject
		.nuget\NuGet.Config = .nuget\NuGet.Config
		.nuget\NuGet.exe = .nuget\NuGet.exe
		.nuget\NuGet.targets = .nuget\NuGet.targets
	EndProjectSection
EndProject
Project("{FAE04EC0-301F-11D3-BF4B-00C04F79EFBC}") = "Microsoft.Owin.Security.Paipai", "Microsoft.Owin.Security.Paipai\Microsoft.Owin.Security.Paipai.csproj", "{CAF6ED97-5F6F-4443-9D48-5A02FD1C4848}"
EndProject
Global
	GlobalSection(SolutionConfigurationPlatforms) = preSolution
		Debug|Any CPU = Debug|Any CPU
		Release|Any CPU = Release|Any CPU
	EndGlobalSection
	GlobalSection(ProjectConfigurationPlatforms) = postSolution
		{36339FDF-53E0-43F7-9D6F-7DD49E1722A4}.Debug|Any CPU.ActiveCfg = Debug|Any CPU
		{36339FDF-53E0-43F7-9D6F-7DD49E1722A4}.Debug|Any CPU.Build.0 = Debug|Any CPU
		{36339FDF-53E0-43F7-9D6F-7DD49E1722A4}.Release|Any CPU.ActiveCfg = Release|Any CPU
		{36339FDF-53E0-43F7-9D6F-7DD49E1722A4}.Release|Any CPU.Build.0 = Release|Any CPU
		{CAF6ED97-5F6F-4443-9D48-5A02FD1C4848}.Debug|Any CPU.ActiveCfg = Debug|Any CPU
		{CAF6ED97-5F6F-4443-9D48-5A02FD1C4848}.Debug|Any CPU.Build.0 = Debug|Any CPU
		{CAF6ED97-5F6F-4443-9D48-5A02FD1C4848}.Release|Any CPU.ActiveCfg = Release|Any CPU
		{CAF6ED97-5F6F-4443-9D48-5A02FD1C4848}.Release|Any CPU.Build.0 = Release|Any CPU
	EndGlobalSection
	GlobalSection(SolutionProperties) = preSolution
		HideSolutionNode = FALSE
	EndGlobalSection
EndGlobal
